
Microsoft Visual Studio Solution File, Format Version 12.00
# Visual Studio Express 2013 for Windows Desktop
VisualStudioVersion = 12.0.31101.0
MinimumVisualStudioVersion = 10.0.40219.1
Project("{8BC9CEB8-8B4A-11D0-8D11-00A0C91BC942}") = "Calculator", "Calculator\Calculator.vcxproj", "{3FCAD11B-EA71-442A-B9BF-9EEBD57ED874}"
EndProject
Project("{8BC9CEB8-8B4A-11D0-8D11-00A0C91BC942}") = "test", "test\test.vcxproj", "{BF0BA60B-3A66-4736-BF32-E0659FFCBFD6}"
EndProject
Project("{8BC9CEB8-8B4A-11D0-8D11-00A0C91BC942}") = "Graf_calc", "Graf_calc\Graf_calc.vcxproj", "{E3D94F9A-97ED-4049-ADF6-3CD05D5C0C4F}"
EndProject
Global
	GlobalSection(SolutionConfigurationPlatforms) = preSolution
		Debug|Win32 = Debug|Win32
		Release|Win32 = Release|Win32
	EndGlobalSection
	GlobalSection(ProjectConfigurationPlatforms) = postSolution
		{3FCAD11B-EA71-442A-B9BF-9EEBD57ED874}.Debug|Win32.ActiveCfg = Debug|Win32
		{3FCAD11B-EA71-442A-B9BF-9EEBD57ED874}.Debug|Win32.Build.0 = Debug|Win32
		{3FCAD11B-EA71-442A-B9BF-9EEBD57ED874}.Release|Win32.ActiveCfg = Release|Win32
		{3FCAD11B-EA71-442A-B9BF-9EEBD57ED874}.Release|Win32.Build.0 = Release|Win32
		{BF0BA60B-3A66-4736-BF32-E0659FFCBFD6}.Debug|Win32.ActiveCfg = Debug|Win32
		{BF0BA60B-3A66-4736-BF32-E0659FFCBFD6}.Debug|Win32.Build.0 = Debug|Win32
		{BF0BA60B-3A66-4736-BF32-E0659FFCBFD6}.Release|Win32.ActiveCfg = Release|Win32
		{BF0BA60B-3A66-4736-BF32-E0659FFCBFD6}.Release|Win32.Build.0 = Release|Win32
		{E3D94F9A-97ED-4049-ADF6-3CD05D5C0C4F}.Debug|Win32.ActiveCfg = Debug|Win32
		{E3D94F9A-97ED-4049-ADF6-3CD05D5C0C4F}.Debug|Win32.Build.0 = Debug|Win32
		{E3D94F9A-97ED-4049-ADF6-3CD05D5C0C4F}.Release|Win32.ActiveCfg = Release|Win32
		{E3D94F9A-97ED-4049-ADF6-3CD05D5C0C4F}.Release|Win32.Build.0 = Release|Win32
	EndGlobalSection
	GlobalSection(SolutionProperties) = preSolution
		HideSolutionNode = FALSE
	EndGlobalSection
EndGlobal
